
Microsoft Visual Studio Solution File, Format Version 12.00
# Visual Studio 2012
Project("{FAE04EC0-301F-11D3-BF4B-00C04F79EFBC}") = "GarageLogic", "GarageLogic\GarageLogic.csproj", "{393944E4-8FFB-4C6D-8B8B-644AAE1AF534}"
EndProject
Project("{FAE04EC0-301F-11D3-BF4B-00C04F79EFBC}") = "ConsoleUI", "ConsoleUI\ConsoleUI.csproj", "{A64F1C84-B9AF-4CD0-B8FE-D48409E2BA91}"
EndProject
Global
	GlobalSection(SolutionConfigurationPlatforms) = preSolution
		Debug|x86 = Debug|x86
		Release|x86 = Release|x86
	EndGlobalSection
	GlobalSection(ProjectConfigurationPlatforms) = postSolution
		{393944E4-8FFB-4C6D-8B8B-644AAE1AF534}.Debug|x86.ActiveCfg = Debug|x86
		{393944E4-8FFB-4C6D-8B8B-644AAE1AF534}.Debug|x86.Build.0 = Debug|x86
		{393944E4-8FFB-4C6D-8B8B-644AAE1AF534}.Release|x86.ActiveCfg = Release|x86
		{393944E4-8FFB-4C6D-8B8B-644AAE1AF534}.Release|x86.Build.0 = Release|x86
		{A64F1C84-B9AF-4CD0-B8FE-D48409E2BA91}.Debug|x86.ActiveCfg = Debug|x86
		{A64F1C84-B9AF-4CD0-B8FE-D48409E2BA91}.Debug|x86.Build.0 = Debug|x86
		{A64F1C84-B9AF-4CD0-B8FE-D48409E2BA91}.Release|x86.ActiveCfg = Release|x86
		{A64F1C84-B9AF-4CD0-B8FE-D48409E2BA91}.Release|x86.Build.0 = Release|x86
	EndGlobalSection
EndGlobal
